
Microsoft Visual Studio Solution File, Format Version 12.00
# Visual Studio Version 16
VisualStudioVersion = 16.0.31129.286
MinimumVisualStudioVersion = 10.0.40219.1
Project("{FAE04EC0-301F-11D3-BF4B-00C04F79EFBC}") = "AddressBook", "AdressBook\AddressBook.csproj", "{4B564951-79BF-4BF0-9D60-D422055B8857}"
EndProject
Global
	GlobalSection(SolutionConfigurationPlatforms) = preSolution
		Debug|Any CPU = Debug|Any CPU
		Release|Any CPU = Release|Any CPU
	EndGlobalSection
	GlobalSection(ProjectConfigurationPlatforms) = postSolution
		{4B564951-79BF-4BF0-9D60-D422055B8857}.Debug|Any CPU.ActiveCfg = Debug|Any CPU
		{4B564951-79BF-4BF0-9D60-D422055B8857}.Debug|Any CPU.Build.0 = Debug|Any CPU
		{4B564951-79BF-4BF0-9D60-D422055B8857}.Release|Any CPU.ActiveCfg = Release|Any CPU
		{4B564951-79BF-4BF0-9D60-D422055B8857}.Release|Any CPU.Build.0 = Release|Any CPU
	EndGlobalSection
	GlobalSection(SolutionProperties) = preSolution
		HideSolutionNode = FALSE
	EndGlobalSection
	GlobalSection(ExtensibilityGlobals) = postSolution
		SolutionGuid = {9A55E247-C31D-430E-8724-5F5D8220EAC3}
	EndGlobalSection
EndGlobal
